
Microsoft Visual Studio Solution File, Format Version 12.00
Project("{FAE04EC0-301F-11D3-BF4B-00C04F79EFBC}") = "Sigvardsson.Homban.Api", "Sigvardsson.Homban.Api\Sigvardsson.Homban.Api.csproj", "{55F80F83-1DD3-42C0-AF44-8F6698C3E62A}"
EndProject
Project("{FAE04EC0-301F-11D3-BF4B-00C04F79EFBC}") = "Sigvardsson.Homban.Api.UnitTests", "Sigvardsson.Homban.Api.UnitTests\Sigvardsson.Homban.Api.UnitTests.csproj", "{8734EF03-D08B-4075-85D8-3685DD77FE02}"
EndProject
Global
	GlobalSection(SolutionConfigurationPlatforms) = preSolution
		Debug|Any CPU = Debug|Any CPU
		Release|Any CPU = Release|Any CPU
	EndGlobalSection
	GlobalSection(ProjectConfigurationPlatforms) = postSolution
		{55F80F83-1DD3-42C0-AF44-8F6698C3E62A}.Debug|Any CPU.ActiveCfg = Debug|Any CPU
		{55F80F83-1DD3-42C0-AF44-8F6698C3E62A}.Debug|Any CPU.Build.0 = Debug|Any CPU
		{55F80F83-1DD3-42C0-AF44-8F6698C3E62A}.Release|Any CPU.ActiveCfg = Release|Any CPU
		{55F80F83-1DD3-42C0-AF44-8F6698C3E62A}.Release|Any CPU.Build.0 = Release|Any CPU
		{8734EF03-D08B-4075-85D8-3685DD77FE02}.Debug|Any CPU.ActiveCfg = Debug|Any CPU
		{8734EF03-D08B-4075-85D8-3685DD77FE02}.Debug|Any CPU.Build.0 = Debug|Any CPU
		{8734EF03-D08B-4075-85D8-3685DD77FE02}.Release|Any CPU.ActiveCfg = Release|Any CPU
		{8734EF03-D08B-4075-85D8-3685DD77FE02}.Release|Any CPU.Build.0 = Release|Any CPU
	EndGlobalSection
EndGlobal
